github.com/SoundMatt/RELAY v0.1.0 h1:jp24tUZOPSVRgwInKnEtmAxa2SQbN9znKCyhMwwWVmI=
github.com/SoundMatt/RELAY v0.1.0/go.mod h1:8HXkxErdk4pHaM1de9eopm2S8o1aE7tKYkCBBsHxxcg=
github.com/SoundMatt/RELAY v0.2.0 h1:2spaVjHmJMOq9rNowc9dl6PHKTM0x77im1XnrTHSB/E=
github.com/SoundMatt/RELAY v0.2.0/go.mod h1:8HXkxErdk4pHaM1de9eopm2S8o1aE7tKYkCBBsHxxcg=
